// !$*UTF8*$!
{
	archiveVersion = 1;
	classes = {
	};
	objectVersion = 46;
	objects = {

/* Begin PBXBuildFile section */
		EDEE65E51CFCFA6700AB5583 /* main.m in Sources */ = {isa = PBXBuildFile; fileRef = EDEE65E41CFCFA6700AB5583 /* main.m */; };
		EDEE65E81CFCFA6700AB5583 /* AppDelegate.m in Sources */ = {isa = PBXBuildFile; fileRef = EDEE65E71CFCFA6700AB5583 /* AppDelegate.m */; };
		EDEE65EB1CFCFA6700AB5583 /* ViewController.m in Sources */ = {isa = PBXBuildFile; fileRef = EDEE65EA1CFCFA6700AB5583 /* ViewController.m */; };
		EDEE65EE1CFCFA6700AB5583 /* Main.storyboard in Resources */ = {isa = PBXBuildFile; fileRef = EDEE65EC1CFCFA6700AB5583 /* Main.storyboard */; };
		EDEE65F01CFCFA6700AB5583 /* Assets.xcassets in Resources */ = {isa = PBXBuildFile; fileRef = EDEE65EF1CFCFA6700AB5583 /* Assets.xcassets */; };
		EDEE65F31CFCFA6700AB5583 /* LaunchScreen.storyboard in Resources */ = {isa = PBXBuildFile; fileRef = EDEE65F11CFCFA6700AB5583 /* LaunchScreen.storyboard */; };
/* End PBXBuildFile section */

/* Begin PBXFileReference section */
		EDEE65E01CFCFA6700AB5583 /* GPS-MapKit-ObjC.app */ = {isa = PBXFileReference; explicitFileType = wrapper.application; includeInIndex = 0; path = "GPS-MapKit-ObjC.app"; sourceTree = BUILT_PRODUCTS_DIR; };
		EDEE65E41CFCFA6700AB5583 /* main.m */ = {isa = PBXFileReference; lastKnownFileType = sourcecode.c.objc; path = main.m; sourceTree = "<group>"; };
		EDEE65E61CFCFA6700AB5583 /* AppDelegate.h */ = {isa = PBXFileReference; lastKnownFileType = sourcecode.c.h; path = AppDelegate.h; sourceTree = "<group>"; };
		EDEE65E71CFCFA6700AB5583 /* AppDelegate.m */ = {isa = PBXFileReference; lastKnownFileType = sourcecode.c.objc; path = AppDelegate.m; sourceTree = "<group>"; };
		EDEE65E91CFCFA6700AB5583 /* ViewController.h */ = {isa = PBXFileReference; lastKnownFileType = sourcecode.c.h; path = ViewController.h; sourceTree = "<group>"; };
		EDEE65EA1CFCFA6700AB5583 /* ViewController.m */ = {isa = PBXFileReference; lastKnownFileType = sourcecode.c.objc; path = ViewController.m; sourceTree = "<group>"; };
		EDEE65ED1CFCFA6700AB5583 /* Base */ = {isa = PBXFileReference; lastKnownFileType = file.storyboard; name = Base; path = Base.lproj/Main.storyboard; sourceTree = "<group>"; };
		EDEE65EF1CFCFA6700AB5583 /* Assets.xcassets */ = {isa = PBXFileReference; lastKnownFileType = folder.assetcatalog; path = Assets.xcassets; sourceTree = "<group>"; };
		EDEE65F21CFCFA6700AB5583 /* Base */ = {isa = PBXFileReference; lastKnownFileType = file.storyboard; name = Base; path = Base.lproj/LaunchScreen.storyboard; sourceTree = "<group>"; };
		EDEE65F41CFCFA6700AB5583 /* Info.plist */ = {isa = PBXFileReference; lastKnownFileType = text.plist.xml; path = Info.plist; sourceTree = "<group>"; };
/* End PBXFileReference section */

/* Begin PBXFrameworksBuildPhase section */
		EDEE65DD1CFCFA6700AB5583 /* Frameworks */ = {
			isa = PBXFrameworksBuildPhase;
			buildActionMask = 2147483647;
			files = (
			);
			runOnlyForDeploymentPostprocessing = 0;
		};
/* End PBXFrameworksBuildPhase section */

/* Begin PBXGroup section */
		EDEE65D71CFCFA6700AB5583 = {
			isa = PBXGroup;
			children = (
				EDEE65E21CFCFA6700AB5583 /* GPS-MapKit-ObjC */,
				EDEE65E11CFCFA6700AB5583 /* Products */,
			);
			sourceTree = "<group>";
		};
		EDEE65E11CFCFA6700AB5583 /* Products */ = {
			isa = PBXGroup;
			children = (
				EDEE65E01CFCFA6700AB5583 /* GPS-MapKit-ObjC.app */,
			);
			name = Products;
			sourceTree = "<group>";
		};
		EDEE65E21CFCFA6700AB5583 /* GPS-MapKit-ObjC */ = {
			isa = PBXGroup;
			children = (
				EDEE65E61CFCFA6700AB5583 /* AppDelegate.h */,
				EDEE65E71CFCFA6700AB5583 /* AppDelegate.m */,
				EDEE65E91CFCFA6700AB5583 /* ViewController.h */,
				EDEE65EA1CFCFA6700AB5583 /* ViewController.m */,
				EDEE65EC1CFCFA6700AB5583 /* Main.storyboard */,
				EDEE65EF1CFCFA6700AB5583 /* Assets.xcassets */,
				EDEE65F11CFCFA6700AB5583 /* LaunchScreen.storyboard */,
				EDEE65F41CFCFA6700AB5583 /* Info.plist */,
				EDEE65E31CFCFA6700AB5583 /* Supporting Files */,
			);
			path = "GPS-MapKit-ObjC";
			sourceTree = "<group>";
		};
		EDEE65E31CFCFA6700AB5583 /* Supporting Files */ = {
			isa = PBXGroup;
			children = (
				EDEE65E41CFCFA6700AB5583 /* main.m */,
			);
			name = "Supporting Files";
			sourceTree = "<group>";
		};
/* End PBXGroup section */

/* Begin PBXNativeTarget section */
		EDEE65DF1CFCFA6700AB5583 /* GPS-MapKit-ObjC */ = {
			isa = PBXNativeTarget;
			buildConfigurationList = EDEE65F71CFCFA6700AB5583 /* Build configuration list for PBXNativeTarget "GPS-MapKit-ObjC" */;
			buildPhases = (
				EDEE65DC1CFCFA6700AB5583 /* Sources */,
				EDEE65DD1CFCFA6700AB5583 /* Frameworks */,
				EDEE65DE1CFCFA6700AB5583 /* Resources */,
			);
			buildRules = (
			);
			dependencies = (
			);
			name = "GPS-MapKit-ObjC";
			productName = "GPS-MapKit-ObjC";
			productReference = EDEE65E01CFCFA6700AB5583 /* GPS-MapKit-ObjC.app */;
			productType = "com.apple.product-type.application";
		};
/* End PBXNativeTarget section */

/* Begin PBXProject section */
		EDEE65D81CFCFA6700AB5583 /* Project object */ = {
			isa = PBXProject;
			attributes = {
				LastUpgradeCheck = 0730;
				ORGANIZATIONNAME = "Alistair Cooper";
				TargetAttributes = {
					EDEE65DF1CFCFA6700AB5583 = {
						CreatedOnToolsVersion = 7.3;
					};
				};
			};
			buildConfigurationList = EDEE65DB1CFCFA6700AB5583 /* Build configuration list for PBXProject "GPS-MapKit-ObjC" */;
			compatibilityVersion = "Xcode 3.2";
			developmentRegion = English;
			hasScannedForEncodings = 0;
			knownRegions = (
				en,
				Base,
			);
			mainGroup = EDEE65D71CFCFA6700AB5583;
			productRefGroup = EDEE65E11CFCFA6700AB5583 /* Products */;
			projectDirPath = "";
			projectRoot = "";
			targets = (
				EDEE65DF1CFCFA6700AB5583 /* GPS-MapKit-ObjC */,
			);
		};
/* End PBXProject section */

/* Begin PBXResourcesBuildPhase section */
		EDEE65DE1CFCFA6700AB5583 /* Resources */ = {
			isa = PBXResourcesBuildPhase;
			buildActionMask = 2147483647;
			files = (
				EDEE65F31CFCFA6700AB5583 /* LaunchScreen.storyboard in Resources */,
				EDEE65F01CFCFA6700AB5583 /* Assets.xcassets in Resources */,
				EDEE65EE1CFCFA6700AB5583 /* Main.storyboard in Resources */,
			);
			runOnlyForDeploymentPostprocessing = 0;
		};
/* End PBXResourcesBuildPhase section */

/* Begin PBXSourcesBuildPhase section */
		EDEE65DC1CFCFA6700AB5583 /* Sources */ = {
			isa = PBXSourcesBuildPhase;
			buildActionMask = 2147483647;
			files = (
				EDEE65EB1CFCFA6700AB5583 /* ViewController.m in Sources */,
				EDEE65E81CFCFA6700AB5583 /* AppDelegate.m in Sources */,
				EDEE65E51CFCFA6700AB5583 /* main.m in Sources */,
			);
			runOnlyForDeploymentPostprocessing = 0;
		};
/* End PBXSourcesBuildPhase section */

/* Begin PBXVariantGroup section */
		EDEE65EC1CFCFA6700AB5583 /* Main.storyboard */ = {
			isa = PBXVariantGroup;
			children = (
				EDEE65ED1CFCFA6700AB5583 /* Base */,
			);
			name = Main.storyboard;
			sourceTree = "<group>";
		};
		EDEE65F11CFCFA6700AB5583 /* LaunchScreen.storyboard */ = {
			isa = PBXVariantGroup;
			children = (
				EDEE65F21CFCFA6700AB5583 /* Base */,
			);
			name = LaunchScreen.storyboard;
			sourceTree = "<group>";
		};
/* End PBXVariantGroup section */

/* Begin XCBuildConfiguration section */
		EDEE65F51CFCFA6700AB5583 /* Debug */ = {
			isa = XCBuildConfiguration;
			buildSettings = {
				ALWAYS_SEARCH_USER_PATHS = NO;
				CLANG_ANALYZER_NONNULL = YES;
				CLANG_CXX_LANGUAGE_STANDARD = "gnu++0x";
				CLANG_CXX_LIBRARY = "libc++";
				CLANG_ENABLE_MODULES = YES;
				CLANG_ENABLE_OBJC_ARC = YES;
				CLANG_WARN_BOOL_CONVERSION = YES;
				CLANG_WARN_CONSTANT_CONVERSION = YES;
				CLANG_WARN_DIRECT_OBJC_ISA_USAGE = YES_ERROR;
				CLANG_WARN_EMPTY_BODY = YES;
				CLANG_WARN_ENUM_CONVERSION = YES;
				CLANG_WARN_INT_CONVERSION = YES;
				CLANG_WARN_OBJC_ROOT_CLASS = YES_ERROR;
				CLANG_WARN_UNREACHABLE_CODE = YES;
				CLANG_WARN__DUPLICATE_METHOD_MATCH = YES;
				"CODE_SIGN_IDENTITY[sdk=iphoneos*]" = "iPhone Developer";
				COPY_PHASE_STRIP = NO;
				DEBUG_INFORMATION_FORMAT = dwarf;
				ENABLE_STRICT_OBJC_MSGSEND = YES;
				ENABLE_TESTABILITY = YES;
				GCC_C_LANGUAGE_STANDARD = gnu99;
				GCC_DYNAMIC_NO_PIC = NO;
				GCC_NO_COMMON_BLOCKS = YES;
				GCC_OPTIMIZATION_LEVEL = 0;
				GCC_PREPROCESSOR_DEFINITIONS = (
					"DEBUG=1",
					"$(inherited)",
				);
				GCC_WARN_64_TO_32_BIT_CONVERSION = YES;
				GCC_WARN_ABOUT_RETURN_TYPE = YES_ERROR;
				GCC_WARN_UNDECLARED_SELECTOR = YES;
				GCC_WARN_UNINITIALIZED_AUTOS = YES_AGGRESSIVE;
				GCC_WARN_UNUSED_FUNCTION = YES;
				GCC_WARN_UNUSED_VARIABLE = YES;
				IPHONEOS_DEPLOYMENT_TARGET = 9.3;
				MTL_ENABLE_DEBUG_INFO = YES;
				ONLY_ACTIVE_ARCH = YES;
				SDKROOT = iphoneos;
			};
			name = Debug;
		};
		EDEE65F61CFCFA6700AB5583 /* Release */ = {
			isa = XCBuildConfiguration;
			buildSettings = {
				ALWAYS_SEARCH_USER_PATHS = NO;
				CLANG_ANALYZER_NONNULL = YES;
				CLANG_CXX_LANGUAGE_STANDARD = "gnu++0x";
				CLANG_CXX_LIBRARY = "libc++";
				CLANG_ENABLE_MODULES = YES;
				CLANG_ENABLE_OBJC_ARC = YES;
				CLANG_WARN_BOOL_CONVERSION = YES;
				CLANG_WARN_CONSTANT_CONVERSION = YES;
				CLANG_WARN_DIRECT_OBJC_ISA_USAGE = YES_ERROR;
				CLANG_WARN_EMPTY_BODY = YES;
				CLANG_WARN_ENUM_CONVERSION = YES;
				CLANG_WARN_INT_CONVERSION = YES;
				CLANG_WARN_OBJC_ROOT_CLASS = YES_ERROR;
				CLANG_WARN_UNREACHABLE_CODE = YES;
				CLANG_WARN__DUPLICATE_METHOD_MATCH = YES;
				"CODE_SIGN_IDENTITY[sdk=iphoneos*]" = "iPhone Developer";
				COPY_PHASE_STRIP = NO;
				DEBUG_INFORMATION_FORMAT = "dwarf-with-dsym";
				ENABLE_NS_ASSERTIONS = NO;
				ENABLE_STRICT_OBJC_MSGSEND = YES;
				GCC_C_LANGUAGE_STANDARD = gnu99;
				GCC_NO_COMMON_BLOCKS = YES;
				GCC_WARN_64_TO_32_BIT_CONVERSION = YES;
				GCC_WARN_ABOUT_RETURN_TYPE = YES_ERROR;
				GCC_WARN_UNDECLARED_SELECTOR = YES;
				GCC_WARN_UNINITIALIZED_AUTOS = YES_AGGRESSIVE;
				GCC_WARN_UNUSED_FUNCTION = YES;
				GCC_WARN_UNUSED_VARIABLE = YES;
				IPHONEOS_DEPLOYMENT_TARGET = 9.3;
				MTL_ENABLE_DEBUG_INFO = NO;
				SDKROOT = iphoneos;
				VALIDATE_PRODUCT = YES;
			};
			name = Release;
		};
		EDEE65F81CFCFA6700AB5583 /* Debug */ = {
			isa = XCBuildConfiguration;
			buildSettings = {
				ASSETCATALOG_COMPILER_APPICON_NAME = AppIcon;
				INFOPLIST_FILE = "GPS-MapKit-ObjC/Info.plist";
				LD_RUNPATH_SEARCH_PATHS = "$(inherited) @executable_path/Frameworks";
				PRODUCT_BUNDLE_IDENTIFIER = "com.alistaircooper.GPS-MapKit-ObjC";
				PRODUCT_NAME = "$(TARGET_NAME)";
			};
			name = Debug;
		};
		EDEE65F91CFCFA6700AB5583 /* Release */ = {
			isa = XCBuildConfiguration;
			buildSettings = {
				ASSETCATALOG_COMPILER_APPICON_NAME = AppIcon;
				INFOPLIST_FILE = "GPS-MapKit-ObjC/Info.plist";
				LD_RUNPATH_SEARCH_PATHS = "$(inherited) @executable_path/Frameworks";
				PRODUCT_BUNDLE_IDENTIFIER = "com.alistaircooper.GPS-MapKit-ObjC";
				PRODUCT_NAME = "$(TARGET_NAME)";
			};
			name = Release;
		};
/* End XCBuildConfiguration section */

/* Begin XCConfigurationList section */
		EDEE65DB1CFCFA6700AB5583 /* Build configuration list for PBXProject "GPS-MapKit-ObjC" */ = {
			isa = XCConfigurationList;
			buildConfigurations = (
				EDEE65F51CFCFA6700AB5583 /* Debug */,
				EDEE65F61CFCFA6700AB5583 /* Release */,
			);
			defaultConfigurationIsVisible = 0;
			defaultConfigurationName = Release;
		};
		EDEE65F71CFCFA6700AB5583 /* Build configuration list for PBXNativeTarget "GPS-MapKit-ObjC" */ = {
			isa = XCConfigurationList;
			buildConfigurations = (
				EDEE65F81CFCFA6700AB5583 /* Debug */,
				EDEE65F91CFCFA6700AB5583 /* Release */,
			);
			defaultConfigurationIsVisible = 0;
		};
/* End XCConfigurationList section */
	};
	rootObject = EDEE65D81CFCFA6700AB5583 /* Project object */;
}
